
Microsoft Visual Studio Solution File, Format Version 12.00
# Visual Studio 15
VisualStudioVersion = 15.0.28307.852
MinimumVisualStudioVersion = 10.0.40219.1
Project("{9A19103F-16F7-4668-BE54-9A1E7A4F7556}") = "AutomationTestSiiFramework", "AutomationTestSiiFramework\AutomationTestSiiFramework.csproj", "{0E265AEA-FE1C-4B98-BE8A-270D7841B990}"
EndProject
Project("{FAE04EC0-301F-11D3-BF4B-00C04F79EFBC}") = "AutomationTestSiiFramework.Tests", "AutomationTestSiiFramework.Tests\AutomationTestSiiFramework.Tests.csproj", "{B105B623-DF5D-4218-95DE-8385AB78CB6A}"
EndProject
Global
	GlobalSection(SolutionConfigurationPlatforms) = preSolution
		Debug|Any CPU = Debug|Any CPU
		Release|Any CPU = Release|Any CPU
	EndGlobalSection
	GlobalSection(ProjectConfigurationPlatforms) = postSolution
		{0E265AEA-FE1C-4B98-BE8A-270D7841B990}.Debug|Any CPU.ActiveCfg = Debug|Any CPU
		{0E265AEA-FE1C-4B98-BE8A-270D7841B990}.Debug|Any CPU.Build.0 = Debug|Any CPU
		{0E265AEA-FE1C-4B98-BE8A-270D7841B990}.Release|Any CPU.ActiveCfg = Release|Any CPU
		{0E265AEA-FE1C-4B98-BE8A-270D7841B990}.Release|Any CPU.Build.0 = Release|Any CPU
		{B105B623-DF5D-4218-95DE-8385AB78CB6A}.Debug|Any CPU.ActiveCfg = Debug|Any CPU
		{B105B623-DF5D-4218-95DE-8385AB78CB6A}.Debug|Any CPU.Build.0 = Debug|Any CPU
		{B105B623-DF5D-4218-95DE-8385AB78CB6A}.Release|Any CPU.ActiveCfg = Release|Any CPU
		{B105B623-DF5D-4218-95DE-8385AB78CB6A}.Release|Any CPU.Build.0 = Release|Any CPU
	EndGlobalSection
	GlobalSection(SolutionProperties) = preSolution
		HideSolutionNode = FALSE
	EndGlobalSection
	GlobalSection(ExtensibilityGlobals) = postSolution
		SolutionGuid = {96FD0ED5-2882-405B-BBB6-18F5E4B595C6}
	EndGlobalSection
EndGlobal
